
Microsoft Visual Studio Solution File, Format Version 12.00
Project("{FAE04EC0-301F-11D3-BF4B-00C04F79EFBC}") = "ConsoleExt", "ConsoleExt\ConsoleExt.csproj", "{A8E10AAF-B143-4A27-876C-2694D405028D}"
EndProject
Project("{FAE04EC0-301F-11D3-BF4B-00C04F79EFBC}") = "Plugins", "Plugins\Plugins.csproj", "{04126207-8375-47BE-9D58-D53224B83852}"
EndProject
Global
	GlobalSection(SolutionConfigurationPlatforms) = preSolution
		1. Main|Windows = 1. Main|Windows
		1. Main|Linux = 1. Main|Linux
		2. Staging|Windows = 2. Staging|Windows
		2. Staging|Linux = 2. Staging|Linux
		3. Oxide|Windows = 3. Oxide|Windows
		3. Oxide|Linux = 3. Oxide|Linux
		4. Oxide Staging|Windows = 4. Oxide Staging|Windows
		4. Oxide Staging|Linux = 4. Oxide Staging|Linux
		5. Carbon|Windows = 5. Carbon|Windows
		5. Carbon|Linux = 5. Carbon|Linux
		6. Carbon Staging|Windows = 6. Carbon Staging|Windows
		6. Carbon Staging|Linux = 6. Carbon Staging|Linux
	EndGlobalSection
	GlobalSection(ProjectConfigurationPlatforms) = postSolution
		{A8E10AAF-B143-4A27-876C-2694D405028D}.1. Main|Windows.ActiveCfg = 1. Main|Windows
		{A8E10AAF-B143-4A27-876C-2694D405028D}.1. Main|Windows.Build.0 = 1. Main|Windows
		{A8E10AAF-B143-4A27-876C-2694D405028D}.1. Main|Linux.ActiveCfg = 1. Main|Linux
		{A8E10AAF-B143-4A27-876C-2694D405028D}.1. Main|Linux.Build.0 = 1. Main|Linux
		{A8E10AAF-B143-4A27-876C-2694D405028D}.2. Staging|Windows.ActiveCfg = 2. Staging|Windows
		{A8E10AAF-B143-4A27-876C-2694D405028D}.2. Staging|Windows.Build.0 = 2. Staging|Windows
		{A8E10AAF-B143-4A27-876C-2694D405028D}.2. Staging|Linux.ActiveCfg = 2. Staging|Linux
		{A8E10AAF-B143-4A27-876C-2694D405028D}.2. Staging|Linux.Build.0 = 2. Staging|Linux
		{A8E10AAF-B143-4A27-876C-2694D405028D}.3. Oxide|Windows.ActiveCfg = 3. Oxide|Windows
		{A8E10AAF-B143-4A27-876C-2694D405028D}.3. Oxide|Windows.Build.0 = 3. Oxide|Windows
		{A8E10AAF-B143-4A27-876C-2694D405028D}.3. Oxide|Linux.ActiveCfg = 3. Oxide|Linux
		{A8E10AAF-B143-4A27-876C-2694D405028D}.3. Oxide|Linux.Build.0 = 3. Oxide|Linux
		{A8E10AAF-B143-4A27-876C-2694D405028D}.4. Oxide Staging|Windows.ActiveCfg = 4. Oxide Staging|Windows
		{A8E10AAF-B143-4A27-876C-2694D405028D}.4. Oxide Staging|Windows.Build.0 = 4. Oxide Staging|Windows
		{A8E10AAF-B143-4A27-876C-2694D405028D}.4. Oxide Staging|Linux.ActiveCfg = 4. Oxide Staging|Linux
		{A8E10AAF-B143-4A27-876C-2694D405028D}.4. Oxide Staging|Linux.Build.0 = 4. Oxide Staging|Linux
		{A8E10AAF-B143-4A27-876C-2694D405028D}.5. Carbon|Windows.ActiveCfg = 5. Carbon|Windows
		{A8E10AAF-B143-4A27-876C-2694D405028D}.5. Carbon|Windows.Build.0 = 5. Carbon|Windows
		{A8E10AAF-B143-4A27-876C-2694D405028D}.5. Carbon|Linux.ActiveCfg = 5. Carbon|Linux
		{A8E10AAF-B143-4A27-876C-2694D405028D}.5. Carbon|Linux.Build.0 = 5. Carbon|Linux
		{A8E10AAF-B143-4A27-876C-2694D405028D}.6. Carbon Staging|Windows.ActiveCfg = 6. Carbon Staging|Windows
		{A8E10AAF-B143-4A27-876C-2694D405028D}.6. Carbon Staging|Windows.Build.0 = 6. Carbon Staging|Windows
		{A8E10AAF-B143-4A27-876C-2694D405028D}.6. Carbon Staging|Linux.ActiveCfg = 6. Carbon Staging|Linux
		{A8E10AAF-B143-4A27-876C-2694D405028D}.6. Carbon Staging|Linux.Build.0 = 6. Carbon Staging|Linux
		{04126207-8375-47BE-9D58-D53224B83852}.1. Main|Windows.ActiveCfg = 1. Main|Windows
		{04126207-8375-47BE-9D58-D53224B83852}.1. Main|Windows.Build.0 = 1. Main|Windows
		{04126207-8375-47BE-9D58-D53224B83852}.1. Main|Linux.ActiveCfg = 1. Main|Linux
		{04126207-8375-47BE-9D58-D53224B83852}.1. Main|Linux.Build.0 = 1. Main|Linux
		{04126207-8375-47BE-9D58-D53224B83852}.2. Staging|Windows.ActiveCfg = 2. Staging|Windows
		{04126207-8375-47BE-9D58-D53224B83852}.2. Staging|Windows.Build.0 = 2. Staging|Windows
		{04126207-8375-47BE-9D58-D53224B83852}.2. Staging|Linux.ActiveCfg = 2. Staging|Linux
		{04126207-8375-47BE-9D58-D53224B83852}.2. Staging|Linux.Build.0 = 2. Staging|Linux
		{04126207-8375-47BE-9D58-D53224B83852}.3. Oxide|Windows.ActiveCfg = 3. Oxide|Windows
		{04126207-8375-47BE-9D58-D53224B83852}.3. Oxide|Windows.Build.0 = 3. Oxide|Windows
		{04126207-8375-47BE-9D58-D53224B83852}.3. Oxide|Linux.ActiveCfg = 3. Oxide|Linux
		{04126207-8375-47BE-9D58-D53224B83852}.3. Oxide|Linux.Build.0 = 3. Oxide|Linux
		{04126207-8375-47BE-9D58-D53224B83852}.4. Oxide Staging|Windows.ActiveCfg = 4. Oxide Staging|Windows
		{04126207-8375-47BE-9D58-D53224B83852}.4. Oxide Staging|Windows.Build.0 = 4. Oxide Staging|Windows
		{04126207-8375-47BE-9D58-D53224B83852}.4. Oxide Staging|Linux.ActiveCfg = 4. Oxide Staging|Linux
		{04126207-8375-47BE-9D58-D53224B83852}.4. Oxide Staging|Linux.Build.0 = 4. Oxide Staging|Linux
		{04126207-8375-47BE-9D58-D53224B83852}.5. Carbon|Windows.ActiveCfg = 5. Carbon|Windows
		{04126207-8375-47BE-9D58-D53224B83852}.5. Carbon|Windows.Build.0 = 5. Carbon|Windows
		{04126207-8375-47BE-9D58-D53224B83852}.5. Carbon|Linux.ActiveCfg = 5. Carbon|Linux
		{04126207-8375-47BE-9D58-D53224B83852}.5. Carbon|Linux.Build.0 = 5. Carbon|Linux
		{04126207-8375-47BE-9D58-D53224B83852}.6. Carbon Staging|Windows.ActiveCfg = 6. Carbon Staging|Windows
		{04126207-8375-47BE-9D58-D53224B83852}.6. Carbon Staging|Windows.Build.0 = 6. Carbon Staging|Windows
		{04126207-8375-47BE-9D58-D53224B83852}.6. Carbon Staging|Linux.ActiveCfg = 6. Carbon Staging|Linux
		{04126207-8375-47BE-9D58-D53224B83852}.6. Carbon Staging|Linux.Build.0 = 6. Carbon Staging|Linux
	EndGlobalSection
EndGlobal
